
Microsoft Visual Studio Solution File, Format Version 12.00
# Visual Studio Version 17
VisualStudioVersion = 17.7.34031.279
MinimumVisualStudioVersion = 10.0.40219.1
Project("{FAE04EC0-301F-11D3-BF4B-00C04F79EFBC}") = "Varekartotek", "Varekartotek\Varekartotek.csproj", "{233EE4D3-6BA3-478B-A2B1-B0CE1D27E30F}"
EndProject
Project("{FAE04EC0-301F-11D3-BF4B-00C04F79EFBC}") = "Models", "Models\Models.csproj", "{47CE4465-8F4A-446C-8158-1C09E03AE627}"
EndProject
Project("{FAE04EC0-301F-11D3-BF4B-00C04F79EFBC}") = "Kartotek", "Kartotek\Kartotek.csproj", "{25CBCF9B-DC51-42DD-AA7B-239369D22E9E}"
EndProject
Global
	GlobalSection(SolutionConfigurationPlatforms) = preSolution
		Debug|Any CPU = Debug|Any CPU
		Release|Any CPU = Release|Any CPU
	EndGlobalSection
	GlobalSection(ProjectConfigurationPlatforms) = postSolution
		{233EE4D3-6BA3-478B-A2B1-B0CE1D27E30F}.Debug|Any CPU.ActiveCfg = Debug|Any CPU
		{233EE4D3-6BA3-478B-A2B1-B0CE1D27E30F}.Debug|Any CPU.Build.0 = Debug|Any CPU
		{233EE4D3-6BA3-478B-A2B1-B0CE1D27E30F}.Release|Any CPU.ActiveCfg = Release|Any CPU
		{233EE4D3-6BA3-478B-A2B1-B0CE1D27E30F}.Release|Any CPU.Build.0 = Release|Any CPU
		{47CE4465-8F4A-446C-8158-1C09E03AE627}.Debug|Any CPU.ActiveCfg = Debug|Any CPU
		{47CE4465-8F4A-446C-8158-1C09E03AE627}.Debug|Any CPU.Build.0 = Debug|Any CPU
		{47CE4465-8F4A-446C-8158-1C09E03AE627}.Release|Any CPU.ActiveCfg = Release|Any CPU
		{47CE4465-8F4A-446C-8158-1C09E03AE627}.Release|Any CPU.Build.0 = Release|Any CPU
		{25CBCF9B-DC51-42DD-AA7B-239369D22E9E}.Debug|Any CPU.ActiveCfg = Debug|Any CPU
		{25CBCF9B-DC51-42DD-AA7B-239369D22E9E}.Debug|Any CPU.Build.0 = Debug|Any CPU
		{25CBCF9B-DC51-42DD-AA7B-239369D22E9E}.Release|Any CPU.ActiveCfg = Release|Any CPU
		{25CBCF9B-DC51-42DD-AA7B-239369D22E9E}.Release|Any CPU.Build.0 = Release|Any CPU
	EndGlobalSection
	GlobalSection(SolutionProperties) = preSolution
		HideSolutionNode = FALSE
	EndGlobalSection
	GlobalSection(ExtensibilityGlobals) = postSolution
		SolutionGuid = {3BEB3FAD-1878-4B2D-8169-0F81551653B8}
	EndGlobalSection
EndGlobal
